{
    "_readme": [
        "This file locks the dependencies of your project to a known state",
        "Read more about it at https://getcomposer.org/doc/01-basic-usage.md#composer-lock-the-lock-file",
        "This file is @generated automatically"
    ],
    "hash": "2471dc11f99fcad9d219140a1f9685aa",
    "packages": [
        {
            "name": "adodb/adodb-php",
            "version": "v5.19",
            "source": {
                "type": "git",
                "url": "https://github.com/ADOdb/ADOdb.git",
                "reference": "773bb9b7ccd81b403bf75f7ef476c3f2d7ee04de"
            },
            "dist": {
                "type": "zip",
                "url": "https://api.github.com/repos/ADOdb/ADOdb/zipball/773bb9b7ccd81b403bf75f7ef476c3f2d7ee04de",
                "reference": "773bb9b7ccd81b403bf75f7ef476c3f2d7ee04de",
                "shasum": ""
            },
            "require": {
                "php": ">=5.3.2"
            },
            "type": "library",
            "autoload": {
                "files": [
                    "adodb.inc.php"
                ]
            },
            "notification-url": "https://packagist.org/downloads/",
            "license": [
                "LGPL-2.1",
                " BSD-2-Clause"
            ],
            "authors": [
                {
                    "name": "John Lim",
                    "email": "jlim@natsoft.com",
                    "role": "Author"
                },
                {
                    "name": "Damien Regad",
                    "role": "Current maintainer"
                }
            ],
            "description": "ADOdb is a PHP database abstraction layer library",
            "homepage": "http://adodb.sourceforge.net/",
            "keywords": [
                "database"
            ],
            "time": "2014-04-23 14:37:03"
        },
        {
            "name": "filp/whoops",
            "version": "1.1.7",
            "source": {
                "type": "git",
                "url": "https://github.com/filp/whoops.git",
                "reference": "72538eeb70bbfb11964412a3d098d109efd012f7"
            },
            "dist": {
                "type": "zip",
                "url": "https://api.github.com/repos/filp/whoops/zipball/72538eeb70bbfb11964412a3d098d109efd012f7",
                "reference": "72538eeb70bbfb11964412a3d098d109efd012f7",
                "shasum": ""
            },
            "require": {
                "php": ">=5.3.0"
            },
            "require-dev": {
                "mockery/mockery": "0.9.*"
            },
            "type": "library",
            "extra": {
                "branch-alias": {
                    "dev-master": "1.2-dev"
                }
            },
            "autoload": {
                "psr-0": {
                    "Whoops": "src/"
                },
                "classmap": [
                    "src/deprecated"
                ]
            },
            "notification-url": "https://packagist.org/downloads/",
            "license": [
                "MIT"
            ],
            "authors": [
                {
                    "name": "Filipe Dobreira",
                    "homepage": "https://github.com/filp",
                    "role": "Developer"
                }
            ],
            "description": "php error handling for cool kids",
            "homepage": "https://github.com/filp/whoops",
            "keywords": [
                "error",
                "exception",
                "handling",
                "library",
                "silex-provider",
                "whoops",
                "zf2"
            ],
            "time": "2015-06-29 05:42:04"
        },
        {
            "name": "oodle/krumo",
            "version": "v0.5.0",
            "source": {
                "type": "git",
                "url": "https://github.com/oodle/krumo.git",
                "reference": "48239769290e267fd7d6ddd1c37e08f96b87221e"
            },
            "dist": {
                "type": "zip",
                "url": "https://api.github.com/repos/oodle/krumo/zipball/48239769290e267fd7d6ddd1c37e08f96b87221e",
                "reference": "48239769290e267fd7d6ddd1c37e08f96b87221e",
                "shasum": ""
            },
            "require": {
                "php": ">=5.2.17"
            },
            "type": "library",
            "autoload": {
                "files": [
                    "class.krumo.php"
                ]
            },
            "notification-url": "https://packagist.org/downloads/",
            "license": [
                "LGPL"
            ],
            "authors": [
                {
                    "name": "Kaloyan K. Tsvetkov",
                    "email": "kaloyan@kaloyan.info"
                },
                {
                    "name": "Matthew J. Mucklo",
                    "email": "mmucklo@corp.oodle.com"
                },
                {
                    "name": "Stefan Thomas",
                    "email": "moon@justmoon.de"
                }
            ],
            "description": "KRUMO - version 2.0 of print_r(); and var_dump(); (with new updates)",
            "keywords": [
                "debug",
                "debugging",
                "krumo",
                "pretty",
                "print",
                "print_r",
                "var_dump"
            ],
            "time": "2014-02-26 21:10:16"
        },
        {
            "name": "pagseguro/php",
            "version": "2.2.2",
            "source": {
                "type": "git",
                "url": "https://github.com/pagseguro/php.git",
                "reference": "adf485792e6844ce7e8771e34de6c6330a7101f0"
            },
            "dist": {
                "type": "zip",
                "url": "https://api.github.com/repos/pagseguro/php/zipball/adf485792e6844ce7e8771e34de6c6330a7101f0",
                "reference": "adf485792e6844ce7e8771e34de6c6330a7101f0",
                "shasum": ""
            },
            "require": {
                "ext-curl": "*",
                "lib-curl": "*",
                "lib-libxml": "*",
                "lib-openssl": "*",
                "php": ">=5.3.3"
            },
            "type": "library",
            "autoload": {
                "classmap": [
                    "source/PagSeguroLibrary"
                ]
            },
            "notification-url": "https://packagist.org/downloads/",
            "license": [
                "Apache License 2.0"
            ],
            "description": "Biblioteca de integração com o PagSeguro",
            "time": "2014-04-22 13:51:11"
        },
        {
            "name": "phpoffice/phpexcel",
            "version": "1.8.1",
            "source": {
                "type": "git",
                "url": "https://github.com/PHPOffice/PHPExcel.git",
                "reference": "372c7cbb695a6f6f1e62649381aeaa37e7e70b32"
            },
            "dist": {
                "type": "zip",
                "url": "https://api.github.com/repos/PHPOffice/PHPExcel/zipball/372c7cbb695a6f6f1e62649381aeaa37e7e70b32",
                "reference": "372c7cbb695a6f6f1e62649381aeaa37e7e70b32",
                "shasum": ""
            },
            "require": {
                "ext-xml": "*",
                "ext-xmlwriter": "*",
                "php": ">=5.2.0"
            },
            "type": "library",
            "autoload": {
                "psr-0": {
                    "PHPExcel": "Classes/"
                }
            },
            "notification-url": "https://packagist.org/downloads/",
            "license": [
                "LGPL"
            ],
            "authors": [
                {
                    "name": "Maarten Balliauw",
                    "homepage": "http://blog.maartenballiauw.be"
                },
                {
                    "name": "Mark Baker"
                },
                {
                    "name": "Franck Lefevre",
                    "homepage": "http://blog.rootslabs.net"
                },
                {
                    "name": "Erik Tilt"
                }
            ],
            "description": "PHPExcel - OpenXML - Read, Create and Write Spreadsheet documents in PHP - Spreadsheet engine",
            "homepage": "http://phpexcel.codeplex.com",
            "keywords": [
                "OpenXML",
                "excel",
                "php",
                "spreadsheet",
                "xls",
                "xlsx"
            ],
            "time": "2015-05-01 07:00:55"
        },
        {
            "name": "spekkionu/wideimage",
            "version": "dev-master",
            "source": {
                "type": "git",
                "url": "https://github.com/spekkionu/wideimage.git",
                "reference": "a97e1d417cdb67c8ddc3ff4935e71bb3499a3e6b"
            },
            "dist": {
                "type": "zip",
                "url": "https://api.github.com/repos/spekkionu/wideimage/zipball/a97e1d417cdb67c8ddc3ff4935e71bb3499a3e6b",
                "reference": "a97e1d417cdb67c8ddc3ff4935e71bb3499a3e6b",
                "shasum": ""
            },
            "require": {
                "ext-gd": "*"
            },
            "type": "library",
            "autoload": {
                "psr-0": {
                    "WideImage": "",
                    "WideImage_": "WideImage/"
                }
            },
            "notification-url": "https://packagist.org/downloads/",
            "license": [
                "GPL-2.0",
                "LGPL-2.1"
            ],
            "description": "An open-source PHP library for image manipulation",
            "homepage": "http://wideimage.sourceforge.net",
            "abandoned": "intervention/image",
            "time": "2015-03-02 07:45:15"
        },
        {
            "name": "werkint/jsmin",
            "version": "1.0.0",
            "source": {
                "type": "git",
                "url": "https://github.com/Werkint/JsMin.git",
                "reference": "49186aef5401c27f9a504a785032194f77d6dabd"
            },
            "dist": {
                "type": "zip",
                "url": "https://api.github.com/repos/Werkint/JsMin/zipball/49186aef5401c27f9a504a785032194f77d6dabd",
                "reference": "49186aef5401c27f9a504a785032194f77d6dabd",
                "shasum": ""
            },
            "require": {
                "php": ">=5.4"
            },
            "type": "library",
            "autoload": {
                "psr-0": {
                    "JsMin": ""
                }
            },
            "notification-url": "https://packagist.org/downloads/",
            "license": [
                "MIT"
            ],
            "authors": [
                {
                    "name": "Douglas Crockford",
                    "homepage": "http://www.crockford.com"
                },
                {
                    "name": "Bogdan Yurov",
                    "email": "bogdan@yurov.me"
                },
                {
                    "name": "Steve Clay",
                    "email": "steve@mrclay.org",
                    "homepage": "http://www.mrclay.org/",
                    "role": "Developer"
                },
                {
                    "name": "Ryan Grove",
                    "email": "ryan@wonko.com",
                    "role": "PHP port"
                },
                {
                    "name": "Andrea Giammarchi",
                    "homepage": "http://www.3site.eu",
                    "role": "spaceBeforeRegExp"
                }
            ],
            "description": "Library for minifying JavaScript files",
            "time": "2013-11-10 11:34:43"
        },
        {
            "name": "zendframework/zendframework1",
            "version": "1.12.0",
            "source": {
                "type": "git",
                "url": "https://github.com/zendframework/zf1.git",
                "reference": "33602a6420164579dd577401704ed8006a5498fd"
            },
            "dist": {
                "type": "zip",
                "url": "https://api.github.com/repos/zendframework/zf1/zipball/33602a6420164579dd577401704ed8006a5498fd",
                "reference": "33602a6420164579dd577401704ed8006a5498fd",
                "shasum": ""
            },
            "require": {
                "php": ">=5.2.4"
            },
            "type": "library",
            "extra": {
                "branch-alias": {
                    "dev-trunk": "1.12.x-dev",
                    "dev-release-1.0": "1.0.x-dev",
                    "dev-release-1.5": "1.5.x-dev",
                    "dev-release-1.6": "1.6.x-dev",
                    "dev-release-1.7": "1.7.x-dev",
                    "dev-release-1.8": "1.8.x-dev",
                    "dev-release-1.9": "1.9.x-dev",
                    "dev-release-1.10": "1.10.x-dev",
                    "dev-release-1.11": "1.11.x-dev"
                }
            },
            "autoload": {
                "psr-0": {
                    "Zend": "library/"
                }
            },
            "notification-url": "https://packagist.org/downloads/",
            "include-path": [
                "library/"
            ],
            "license": [
                "BSD-3-Clause"
            ],
            "description": "Zend Framework 1",
            "homepage": "http://framework.zend.com/",
            "keywords": [
                "ZF1",
                "framework"
            ],
            "time": "2012-08-27 15:33:58"
        }
    ],
    "packages-dev": [],
    "aliases": [],
    "minimum-stability": "dev",
    "stability-flags": {
        "spekkionu/wideimage": 20
    },
    "prefer-stable": true,
    "prefer-lowest": false,
    "platform": [],
    "platform-dev": []
}
